
Microsoft Visual Studio Solution File, Format Version 12.00
# Visual Studio 15
VisualStudioVersion = 15.0.28010.2046
MinimumVisualStudioVersion = 10.0.40219.1
Project("{FAE04EC0-301F-11D3-BF4B-00C04F79EFBC}") = "PolynomOperations", "PolynomOperations\PolynomOperations.csproj", "{4B170799-7F25-44C4-8E80-ED23FD695E7C}"
EndProject
Project("{FAE04EC0-301F-11D3-BF4B-00C04F79EFBC}") = "PolynomOperations.Tests", "PolynomOperations.Tests\PolynomOperations.Tests.csproj", "{9DDA0686-298D-4D42-B3ED-FE1078B681D8}"
EndProject
Global
	GlobalSection(SolutionConfigurationPlatforms) = preSolution
		Debug|Any CPU = Debug|Any CPU
		Release|Any CPU = Release|Any CPU
	EndGlobalSection
	GlobalSection(ProjectConfigurationPlatforms) = postSolution
		{4B170799-7F25-44C4-8E80-ED23FD695E7C}.Debug|Any CPU.ActiveCfg = Debug|Any CPU
		{4B170799-7F25-44C4-8E80-ED23FD695E7C}.Debug|Any CPU.Build.0 = Debug|Any CPU
		{4B170799-7F25-44C4-8E80-ED23FD695E7C}.Release|Any CPU.ActiveCfg = Release|Any CPU
		{4B170799-7F25-44C4-8E80-ED23FD695E7C}.Release|Any CPU.Build.0 = Release|Any CPU
		{9DDA0686-298D-4D42-B3ED-FE1078B681D8}.Debug|Any CPU.ActiveCfg = Debug|Any CPU
		{9DDA0686-298D-4D42-B3ED-FE1078B681D8}.Debug|Any CPU.Build.0 = Debug|Any CPU
		{9DDA0686-298D-4D42-B3ED-FE1078B681D8}.Release|Any CPU.ActiveCfg = Release|Any CPU
		{9DDA0686-298D-4D42-B3ED-FE1078B681D8}.Release|Any CPU.Build.0 = Release|Any CPU
	EndGlobalSection
	GlobalSection(SolutionProperties) = preSolution
		HideSolutionNode = FALSE
	EndGlobalSection
	GlobalSection(ExtensibilityGlobals) = postSolution
		SolutionGuid = {FFAAF9C0-61B0-4D89-AE7B-401848AC4949}
	EndGlobalSection
EndGlobal
